
Microsoft Visual Studio Solution File, Format Version 12.00
Project("{B2D68966-37F5-4B2B-A1EF-94EC630D6874}") = "kesa", "src\kesa\kesa.csproj", "{20FCF919-AF18-4D64-A610-20C6710F9523}"
EndProject
Global
	GlobalSection(SolutionConfigurationPlatforms) = preSolution
		Debug|Any CPU = Debug|Any CPU
		Release|Any CPU = Release|Any CPU
		Deploy|Any CPU = Deploy|Any CPU
		DeployAndRun|Any CPU = DeployAndRun|Any CPU
	EndGlobalSection
	GlobalSection(ProjectConfigurationPlatforms) = postSolution
		{20FCF919-AF18-4D64-A610-20C6710F9523}.Debug|Any CPU.ActiveCfg = Debug|Any CPU
		{20FCF919-AF18-4D64-A610-20C6710F9523}.Debug|Any CPU.Build.0 = Debug|Any CPU
		{20FCF919-AF18-4D64-A610-20C6710F9523}.Release|Any CPU.ActiveCfg = Release|Any CPU
		{20FCF919-AF18-4D64-A610-20C6710F9523}.Release|Any CPU.Build.0 = Release|Any CPU
		{20FCF919-AF18-4D64-A610-20C6710F9523}.Deploy|Any CPU.ActiveCfg = Deploy|Any CPU
		{20FCF919-AF18-4D64-A610-20C6710F9523}.Deploy|Any CPU.Build.0 = Deploy|Any CPU
		{20FCF919-AF18-4D64-A610-20C6710F9523}.DeployAndRun|Any CPU.ActiveCfg = DeployAndRun|Any CPU
		{20FCF919-AF18-4D64-A610-20C6710F9523}.DeployAndRun|Any CPU.Build.0 = DeployAndRun|Any CPU
	EndGlobalSection
EndGlobal
